// !$*UTF8*$!
{
	archiveVersion = 1;
	classes = {
	};
	objectVersion = 50;
	objects = {

/* Begin PBXBuildFile section */
		D81A9189273032B40023E1B7 /* Tests_iOS.swift in Sources */ = {isa = PBXBuildFile; fileRef = D81A9188273032B40023E1B7 /* Tests_iOS.swift */; };
		D81A9194273032B40023E1B7 /* Tests_macOS.swift in Sources */ = {isa = PBXBuildFile; fileRef = D81A9193273032B40023E1B7 /* Tests_macOS.swift */; };
		D81A9196273032B40023E1B7 /* DailyApp.swift in Sources */ = {isa = PBXBuildFile; fileRef = D81A916D273032B30023E1B7 /* DailyApp.swift */; };
		D81A9197273032B40023E1B7 /* DailyApp.swift in Sources */ = {isa = PBXBuildFile; fileRef = D81A916D273032B30023E1B7 /* DailyApp.swift */; };
		D81A9198273032B40023E1B7 /* ContentView.swift in Sources */ = {isa = PBXBuildFile; fileRef = D81A916E273032B30023E1B7 /* ContentView.swift */; };
		D81A9199273032B40023E1B7 /* ContentView.swift in Sources */ = {isa = PBXBuildFile; fileRef = D81A916E273032B30023E1B7 /* ContentView.swift */; };
		D81A919A273032B40023E1B7 /* Assets.xcassets in Resources */ = {isa = PBXBuildFile; fileRef = D81A916F273032B40023E1B7 /* Assets.xcassets */; };
		D81A919B273032B40023E1B7 /* Assets.xcassets in Resources */ = {isa = PBXBuildFile; fileRef = D81A916F273032B40023E1B7 /* Assets.xcassets */; };
/* End PBXBuildFile section */

/* Begin PBXContainerItemProxy section */
		D81A9185273032B40023E1B7 /* PBXContainerItemProxy */ = {
			isa = PBXContainerItemProxy;
			containerPortal = D81A9168273032B30023E1B7 /* Project object */;
			proxyType = 1;
			remoteGlobalIDString = D81A9173273032B40023E1B7;
			remoteInfo = "Daily (iOS)";
		};
		D81A9190273032B40023E1B7 /* PBXContainerItemProxy */ = {
			isa = PBXContainerItemProxy;
			containerPortal = D81A9168273032B30023E1B7 /* Project object */;
			proxyType = 1;
			remoteGlobalIDString = D81A917B273032B40023E1B7;
			remoteInfo = "Daily (macOS)";
		};
/* End PBXContainerItemProxy section */

/* Begin PBXFileReference section */
		D81A916D273032B30023E1B7 /* DailyApp.swift */ = {isa = PBXFileReference; lastKnownFileType = sourcecode.swift; path = DailyApp.swift; sourceTree = "<group>"; };
		D81A916E273032B30023E1B7 /* ContentView.swift */ = {isa = PBXFileReference; lastKnownFileType = sourcecode.swift; path = ContentView.swift; sourceTree = "<group>"; };
		D81A916F273032B40023E1B7 /* Assets.xcassets */ = {isa = PBXFileReference; lastKnownFileType = folder.assetcatalog; path = Assets.xcassets; sourceTree = "<group>"; };
		D81A9174273032B40023E1B7 /* Daily.app */ = {isa = PBXFileReference; explicitFileType = wrapper.application; includeInIndex = 0; path = Daily.app; sourceTree = BUILT_PRODUCTS_DIR; };
		D81A9177273032B40023E1B7 /* Info.plist */ = {isa = PBXFileReference; lastKnownFileType = text.plist.xml; path = Info.plist; sourceTree = "<group>"; };
		D81A917C273032B40023E1B7 /* Daily.app */ = {isa = PBXFileReference; explicitFileType = wrapper.application; includeInIndex = 0; path = Daily.app; sourceTree = BUILT_PRODUCTS_DIR; };
		D81A917E273032B40023E1B7 /* Info.plist */ = {isa = PBXFileReference; lastKnownFileType = text.plist.xml; path = Info.plist; sourceTree = "<group>"; };
		D81A917F273032B40023E1B7 /* macOS.entitlements */ = {isa = PBXFileReference; lastKnownFileType = text.plist.entitlements; path = macOS.entitlements; sourceTree = "<group>"; };
		D81A9184273032B40023E1B7 /* Tests iOS.xctest */ = {isa = PBXFileReference; explicitFileType = wrapper.cfbundle; includeInIndex = 0; path = "Tests iOS.xctest"; sourceTree = BUILT_PRODUCTS_DIR; };
		D81A9188273032B40023E1B7 /* Tests_iOS.swift */ = {isa = PBXFileReference; lastKnownFileType = sourcecode.swift; path = Tests_iOS.swift; sourceTree = "<group>"; };
		D81A918A273032B40023E1B7 /* Info.plist */ = {isa = PBXFileReference; lastKnownFileType = text.plist.xml; path = Info.plist; sourceTree = "<group>"; };
		D81A918F273032B40023E1B7 /* Tests macOS.xctest */ = {isa = PBXFileReference; explicitFileType = wrapper.cfbundle; includeInIndex = 0; path = "Tests macOS.xctest"; sourceTree = BUILT_PRODUCTS_DIR; };
		D81A9193273032B40023E1B7 /* Tests_macOS.swift */ = {isa = PBXFileReference; lastKnownFileType = sourcecode.swift; path = Tests_macOS.swift; sourceTree = "<group>"; };
		D81A9195273032B40023E1B7 /* Info.plist */ = {isa = PBXFileReference; lastKnownFileType = text.plist.xml; path = Info.plist; sourceTree = "<group>"; };
/* End PBXFileReference section */

/* Begin PBXFrameworksBuildPhase section */
		D81A9171273032B40023E1B7 /* Frameworks */ = {
			isa = PBXFrameworksBuildPhase;
			buildActionMask = 2147483647;
			files = (
			);
			runOnlyForDeploymentPostprocessing = 0;
		};
		D81A9179273032B40023E1B7 /* Frameworks */ = {
			isa = PBXFrameworksBuildPhase;
			buildActionMask = 2147483647;
			files = (
			);
			runOnlyForDeploymentPostprocessing = 0;
		};
		D81A9181273032B40023E1B7 /* Frameworks */ = {
			isa = PBXFrameworksBuildPhase;
			buildActionMask = 2147483647;
			files = (
			);
			runOnlyForDeploymentPostprocessing = 0;
		};
		D81A918C273032B40023E1B7 /* Frameworks */ = {
			isa = PBXFrameworksBuildPhase;
			buildActionMask = 2147483647;
			files = (
			);
			runOnlyForDeploymentPostprocessing = 0;
		};
/* End PBXFrameworksBuildPhase section */

/* Begin PBXGroup section */
		D81A9167273032B30023E1B7 = {
			isa = PBXGroup;
			children = (
				D81A916C273032B30023E1B7 /* Shared */,
				D81A9176273032B40023E1B7 /* iOS */,
				D81A917D273032B40023E1B7 /* macOS */,
				D81A9187273032B40023E1B7 /* Tests iOS */,
				D81A9192273032B40023E1B7 /* Tests macOS */,
				D81A9175273032B40023E1B7 /* Products */,
			);
			sourceTree = "<group>";
		};
		D81A916C273032B30023E1B7 /* Shared */ = {
			isa = PBXGroup;
			children = (
				D81A916D273032B30023E1B7 /* DailyApp.swift */,
				D81A916E273032B30023E1B7 /* ContentView.swift */,
				D81A916F273032B40023E1B7 /* Assets.xcassets */,
			);
			path = Shared;
			sourceTree = "<group>";
		};
		D81A9175273032B40023E1B7 /* Products */ = {
			isa = PBXGroup;
			children = (
				D81A9174273032B40023E1B7 /* Daily.app */,
				D81A917C273032B40023E1B7 /* Daily.app */,
				D81A9184273032B40023E1B7 /* Tests iOS.xctest */,
				D81A918F273032B40023E1B7 /* Tests macOS.xctest */,
			);
			name = Products;
			sourceTree = "<group>";
		};
		D81A9176273032B40023E1B7 /* iOS */ = {
			isa = PBXGroup;
			children = (
				D81A9177273032B40023E1B7 /* Info.plist */,
			);
			path = iOS;
			sourceTree = "<group>";
		};
		D81A917D273032B40023E1B7 /* macOS */ = {
			isa = PBXGroup;
			children = (
				D81A917E273032B40023E1B7 /* Info.plist */,
				D81A917F273032B40023E1B7 /* macOS.entitlements */,
			);
			path = macOS;
			sourceTree = "<group>";
		};
		D81A9187273032B40023E1B7 /* Tests iOS */ = {
			isa = PBXGroup;
			children = (
				D81A9188273032B40023E1B7 /* Tests_iOS.swift */,
				D81A918A273032B40023E1B7 /* Info.plist */,
			);
			path = "Tests iOS";
			sourceTree = "<group>";
		};
		D81A9192273032B40023E1B7 /* Tests macOS */ = {
			isa = PBXGroup;
			children = (
				D81A9193273032B40023E1B7 /* Tests_macOS.swift */,
				D81A9195273032B40023E1B7 /* Info.plist */,
			);
			path = "Tests macOS";
			sourceTree = "<group>";
		};
/* End PBXGroup section */

/* Begin PBXNativeTarget section */
		D81A9173273032B40023E1B7 /* Daily (iOS) */ = {
			isa = PBXNativeTarget;
			buildConfigurationList = D81A919E273032B40023E1B7 /* Build configuration list for PBXNativeTarget "Daily (iOS)" */;
			buildPhases = (
				D81A9170273032B40023E1B7 /* Sources */,
				D81A9171273032B40023E1B7 /* Frameworks */,
				D81A9172273032B40023E1B7 /* Resources */,
			);
			buildRules = (
			);
			dependencies = (
			);
			name = "Daily (iOS)";
			productName = "Daily (iOS)";
			productReference = D81A9174273032B40023E1B7 /* Daily.app */;
			productType = "com.apple.product-type.application";
		};
		D81A917B273032B40023E1B7 /* Daily (macOS) */ = {
			isa = PBXNativeTarget;
			buildConfigurationList = D81A91A1273032B40023E1B7 /* Build configuration list for PBXNativeTarget "Daily (macOS)" */;
			buildPhases = (
				D81A9178273032B40023E1B7 /* Sources */,
				D81A9179273032B40023E1B7 /* Frameworks */,
				D81A917A273032B40023E1B7 /* Resources */,
			);
			buildRules = (
			);
			dependencies = (
			);
			name = "Daily (macOS)";
			productName = "Daily (macOS)";
			productReference = D81A917C273032B40023E1B7 /* Daily.app */;
			productType = "com.apple.product-type.application";
		};
		D81A9183273032B40023E1B7 /* Tests iOS */ = {
			isa = PBXNativeTarget;
			buildConfigurationList = D81A91A4273032B40023E1B7 /* Build configuration list for PBXNativeTarget "Tests iOS" */;
			buildPhases = (
				D81A9180273032B40023E1B7 /* Sources */,
				D81A9181273032B40023E1B7 /* Frameworks */,
				D81A9182273032B40023E1B7 /* Resources */,
			);
			buildRules = (
			);
			dependencies = (
				D81A9186273032B40023E1B7 /* PBXTargetDependency */,
			);
			name = "Tests iOS";
			productName = "Tests iOS";
			productReference = D81A9184273032B40023E1B7 /* Tests iOS.xctest */;
			productType = "com.apple.product-type.bundle.ui-testing";
		};
		D81A918E273032B40023E1B7 /* Tests macOS */ = {
			isa = PBXNativeTarget;
			buildConfigurationList = D81A91A7273032B40023E1B7 /* Build configuration list for PBXNativeTarget "Tests macOS" */;
			buildPhases = (
				D81A918B273032B40023E1B7 /* Sources */,
				D81A918C273032B40023E1B7 /* Frameworks */,
				D81A918D273032B40023E1B7 /* Resources */,
			);
			buildRules = (
			);
			dependencies = (
				D81A9191273032B40023E1B7 /* PBXTargetDependency */,
			);
			name = "Tests macOS";
			productName = "Tests macOS";
			productReference = D81A918F273032B40023E1B7 /* Tests macOS.xctest */;
			productType = "com.apple.product-type.bundle.ui-testing";
		};
/* End PBXNativeTarget section */

/* Begin PBXProject section */
		D81A9168273032B30023E1B7 /* Project object */ = {
			isa = PBXProject;
			attributes = {
				LastSwiftUpdateCheck = 1240;
				LastUpgradeCheck = 1240;
				TargetAttributes = {
					D81A9173273032B40023E1B7 = {
						CreatedOnToolsVersion = 12.4;
					};
					D81A917B273032B40023E1B7 = {
						CreatedOnToolsVersion = 12.4;
					};
					D81A9183273032B40023E1B7 = {
						CreatedOnToolsVersion = 12.4;
						TestTargetID = D81A9173273032B40023E1B7;
					};
					D81A918E273032B40023E1B7 = {
						CreatedOnToolsVersion = 12.4;
						TestTargetID = D81A917B273032B40023E1B7;
					};
				};
			};
			buildConfigurationList = D81A916B273032B30023E1B7 /* Build configuration list for PBXProject "Daily" */;
			compatibilityVersion = "Xcode 9.3";
			developmentRegion = en;
			hasScannedForEncodings = 0;
			knownRegions = (
				en,
				Base,
			);
			mainGroup = D81A9167273032B30023E1B7;
			productRefGroup = D81A9175273032B40023E1B7 /* Products */;
			projectDirPath = "";
			projectRoot = "";
			targets = (
				D81A9173273032B40023E1B7 /* Daily (iOS) */,
				D81A917B273032B40023E1B7 /* Daily (macOS) */,
				D81A9183273032B40023E1B7 /* Tests iOS */,
				D81A918E273032B40023E1B7 /* Tests macOS */,
			);
		};
/* End PBXProject section */

/* Begin PBXResourcesBuildPhase section */
		D81A9172273032B40023E1B7 /* Resources */ = {
			isa = PBXResourcesBuildPhase;
			buildActionMask = 2147483647;
			files = (
				D81A919A273032B40023E1B7 /* Assets.xcassets in Resources */,
			);
			runOnlyForDeploymentPostprocessing = 0;
		};
		D81A917A273032B40023E1B7 /* Resources */ = {
			isa = PBXResourcesBuildPhase;
			buildActionMask = 2147483647;
			files = (
				D81A919B273032B40023E1B7 /* Assets.xcassets in Resources */,
			);
			runOnlyForDeploymentPostprocessing = 0;
		};
		D81A9182273032B40023E1B7 /* Resources */ = {
			isa = PBXResourcesBuildPhase;
			buildActionMask = 2147483647;
			files = (
			);
			runOnlyForDeploymentPostprocessing = 0;
		};
		D81A918D273032B40023E1B7 /* Resources */ = {
			isa = PBXResourcesBuildPhase;
			buildActionMask = 2147483647;
			files = (
			);
			runOnlyForDeploymentPostprocessing = 0;
		};
/* End PBXResourcesBuildPhase section */

/* Begin PBXSourcesBuildPhase section */
		D81A9170273032B40023E1B7 /* Sources */ = {
			isa = PBXSourcesBuildPhase;
			buildActionMask = 2147483647;
			files = (
				D81A9198273032B40023E1B7 /* ContentView.swift in Sources */,
				D81A9196273032B40023E1B7 /* DailyApp.swift in Sources */,
			);
			runOnlyForDeploymentPostprocessing = 0;
		};
		D81A9178273032B40023E1B7 /* Sources */ = {
			isa = PBXSourcesBuildPhase;
			buildActionMask = 2147483647;
			files = (
				D81A9199273032B40023E1B7 /* ContentView.swift in Sources */,
				D81A9197273032B40023E1B7 /* DailyApp.swift in Sources */,
			);
			runOnlyForDeploymentPostprocessing = 0;
		};
		D81A9180273032B40023E1B7 /* Sources */ = {
			isa = PBXSourcesBuildPhase;
			buildActionMask = 2147483647;
			files = (
				D81A9189273032B40023E1B7 /* Tests_iOS.swift in Sources */,
			);
			runOnlyForDeploymentPostprocessing = 0;
		};
		D81A918B273032B40023E1B7 /* Sources */ = {
			isa = PBXSourcesBuildPhase;
			buildActionMask = 2147483647;
			files = (
				D81A9194273032B40023E1B7 /* Tests_macOS.swift in Sources */,
			);
			runOnlyForDeploymentPostprocessing = 0;
		};
/* End PBXSourcesBuildPhase section */

/* Begin PBXTargetDependency section */
		D81A9186273032B40023E1B7 /* PBXTargetDependency */ = {
			isa = PBXTargetDependency;
			target = D81A9173273032B40023E1B7 /* Daily (iOS) */;
			targetProxy = D81A9185273032B40023E1B7 /* PBXContainerItemProxy */;
		};
		D81A9191273032B40023E1B7 /* PBXTargetDependency */ = {
			isa = PBXTargetDependency;
			target = D81A917B273032B40023E1B7 /* Daily (macOS) */;
			targetProxy = D81A9190273032B40023E1B7 /* PBXContainerItemProxy */;
		};
/* End PBXTargetDependency section */

/* Begin XCBuildConfiguration section */
		D81A919C273032B40023E1B7 /* Debug */ = {
			isa = XCBuildConfiguration;
			buildSettings = {
				ALWAYS_SEARCH_USER_PATHS = NO;
				CLANG_ANALYZER_NONNULL = YES;
				CLANG_ANALYZER_NUMBER_OBJECT_CONVERSION = YES_AGGRESSIVE;
				CLANG_CXX_LANGUAGE_STANDARD = "gnu++14";
				CLANG_CXX_LIBRARY = "libc++";
				CLANG_ENABLE_MODULES = YES;
				CLANG_ENABLE_OBJC_ARC = YES;
				CLANG_ENABLE_OBJC_WEAK = YES;
				CLANG_WARN_BLOCK_CAPTURE_AUTORELEASING = YES;
				CLANG_WARN_BOOL_CONVERSION = YES;
				CLANG_WARN_COMMA = YES;
				CLANG_WARN_CONSTANT_CONVERSION = YES;
				CLANG_WARN_DEPRECATED_OBJC_IMPLEMENTATIONS = YES;
				CLANG_WARN_DIRECT_OBJC_ISA_USAGE = YES_ERROR;
				CLANG_WARN_DOCUMENTATION_COMMENTS = YES;
				CLANG_WARN_EMPTY_BODY = YES;
				CLANG_WARN_ENUM_CONVERSION = YES;
				CLANG_WARN_INFINITE_RECURSION = YES;
				CLANG_WARN_INT_CONVERSION = YES;
				CLANG_WARN_NON_LITERAL_NULL_CONVERSION = YES;
				CLANG_WARN_OBJC_IMPLICIT_RETAIN_SELF = YES;
				CLANG_WARN_OBJC_LITERAL_CONVERSION = YES;
				CLANG_WARN_OBJC_ROOT_CLASS = YES_ERROR;
				CLANG_WARN_QUOTED_INCLUDE_IN_FRAMEWORK_HEADER = YES;
				CLANG_WARN_RANGE_LOOP_ANALYSIS = YES;
				CLANG_WARN_STRICT_PROTOTYPES = YES;
				CLANG_WARN_SUSPICIOUS_MOVE = YES;
				CLANG_WARN_UNGUARDED_AVAILABILITY = YES_AGGRESSIVE;
				CLANG_WARN_UNREACHABLE_CODE = YES;
				CLANG_WARN__DUPLICATE_METHOD_MATCH = YES;
				COPY_PHASE_STRIP = NO;
				DEBUG_INFORMATION_FORMAT = dwarf;
				ENABLE_STRICT_OBJC_MSGSEND = YES;
				ENABLE_TESTABILITY = YES;
				GCC_C_LANGUAGE_STANDARD = gnu11;
				GCC_DYNAMIC_NO_PIC = NO;
				GCC_NO_COMMON_BLOCKS = YES;
				GCC_OPTIMIZATION_LEVEL = 0;
				GCC_PREPROCESSOR_DEFINITIONS = (
					"DEBUG=1",
					"$(inherited)",
				);
				GCC_WARN_64_TO_32_BIT_CONVERSION = YES;
				GCC_WARN_ABOUT_RETURN_TYPE = YES_ERROR;
				GCC_WARN_UNDECLARED_SELECTOR = YES;
				GCC_WARN_UNINITIALIZED_AUTOS = YES_AGGRESSIVE;
				GCC_WARN_UNUSED_FUNCTION = YES;
				GCC_WARN_UNUSED_VARIABLE = YES;
				MTL_ENABLE_DEBUG_INFO = INCLUDE_SOURCE;
				MTL_FAST_MATH = YES;
				ONLY_ACTIVE_ARCH = YES;
				SWIFT_ACTIVE_COMPILATION_CONDITIONS = DEBUG;
				SWIFT_OPTIMIZATION_LEVEL = "-Onone";
			};
			name = Debug;
		};
		D81A919D273032B40023E1B7 /* Release */ = {
			isa = XCBuildConfiguration;
			buildSettings = {
				ALWAYS_SEARCH_USER_PATHS = NO;
				CLANG_ANALYZER_NONNULL = YES;
				CLANG_ANALYZER_NUMBER_OBJECT_CONVERSION = YES_AGGRESSIVE;
				CLANG_CXX_LANGUAGE_STANDARD = "gnu++14";
				CLANG_CXX_LIBRARY = "libc++";
				CLANG_ENABLE_MODULES = YES;
				CLANG_ENABLE_OBJC_ARC = YES;
				CLANG_ENABLE_OBJC_WEAK = YES;
				CLANG_WARN_BLOCK_CAPTURE_AUTORELEASING = YES;
				CLANG_WARN_BOOL_CONVERSION = YES;
				CLANG_WARN_COMMA = YES;
				CLANG_WARN_CONSTANT_CONVERSION = YES;
				CLANG_WARN_DEPRECATED_OBJC_IMPLEMENTATIONS = YES;
				CLANG_WARN_DIRECT_OBJC_ISA_USAGE = YES_ERROR;
				CLANG_WARN_DOCUMENTATION_COMMENTS = YES;
				CLANG_WARN_EMPTY_BODY = YES;
				CLANG_WARN_ENUM_CONVERSION = YES;
				CLANG_WARN_INFINITE_RECURSION = YES;
				CLANG_WARN_INT_CONVERSION = YES;
				CLANG_WARN_NON_LITERAL_NULL_CONVERSION = YES;
				CLANG_WARN_OBJC_IMPLICIT_RETAIN_SELF = YES;
				CLANG_WARN_OBJC_LITERAL_CONVERSION = YES;
				CLANG_WARN_OBJC_ROOT_CLASS = YES_ERROR;
				CLANG_WARN_QUOTED_INCLUDE_IN_FRAMEWORK_HEADER = YES;
				CLANG_WARN_RANGE_LOOP_ANALYSIS = YES;
				CLANG_WARN_STRICT_PROTOTYPES = YES;
				CLANG_WARN_SUSPICIOUS_MOVE = YES;
				CLANG_WARN_UNGUARDED_AVAILABILITY = YES_AGGRESSIVE;
				CLANG_WARN_UNREACHABLE_CODE = YES;
				CLANG_WARN__DUPLICATE_METHOD_MATCH = YES;
				COPY_PHASE_STRIP = NO;
				DEBUG_INFORMATION_FORMAT = "dwarf-with-dsym";
				ENABLE_NS_ASSERTIONS = NO;
				ENABLE_STRICT_OBJC_MSGSEND = YES;
				GCC_C_LANGUAGE_STANDARD = gnu11;
				GCC_NO_COMMON_BLOCKS = YES;
				GCC_WARN_64_TO_32_BIT_CONVERSION = YES;
				GCC_WARN_ABOUT_RETURN_TYPE = YES_ERROR;
				GCC_WARN_UNDECLARED_SELECTOR = YES;
				GCC_WARN_UNINITIALIZED_AUTOS = YES_AGGRESSIVE;
				GCC_WARN_UNUSED_FUNCTION = YES;
				GCC_WARN_UNUSED_VARIABLE = YES;
				MTL_ENABLE_DEBUG_INFO = NO;
				MTL_FAST_MATH = YES;
				SWIFT_COMPILATION_MODE = wholemodule;
				SWIFT_OPTIMIZATION_LEVEL = "-O";
			};
			name = Release;
		};
		D81A919F273032B40023E1B7 /* Debug */ = {
			isa = XCBuildConfiguration;
			buildSettings = {
				ASSETCATALOG_COMPILER_APPICON_NAME = AppIcon;
				ASSETCATALOG_COMPILER_GLOBAL_ACCENT_COLOR_NAME = AccentColor;
				CODE_SIGN_STYLE = Automatic;
				ENABLE_PREVIEWS = YES;
				INFOPLIST_FILE = iOS/Info.plist;
				IPHONEOS_DEPLOYMENT_TARGET = 14.0;
				LD_RUNPATH_SEARCH_PATHS = (
					"$(inherited)",
					"@executable_path/Frameworks",
				);
				PRODUCT_BUNDLE_IDENTIFIER = Caco.Daily;
				PRODUCT_NAME = Daily;
				SDKROOT = iphoneos;
				SWIFT_VERSION = 5.0;
				TARGETED_DEVICE_FAMILY = "1,2";
			};
			name = Debug;
		};
		D81A91A0273032B40023E1B7 /* Release */ = {
			isa = XCBuildConfiguration;
			buildSettings = {
				ASSETCATALOG_COMPILER_APPICON_NAME = AppIcon;
				ASSETCATALOG_COMPILER_GLOBAL_ACCENT_COLOR_NAME = AccentColor;
				CODE_SIGN_STYLE = Automatic;
				ENABLE_PREVIEWS = YES;
				INFOPLIST_FILE = iOS/Info.plist;
				IPHONEOS_DEPLOYMENT_TARGET = 14.0;
				LD_RUNPATH_SEARCH_PATHS = (
					"$(inherited)",
					"@executable_path/Frameworks",
				);
				PRODUCT_BUNDLE_IDENTIFIER = Caco.Daily;
				PRODUCT_NAME = Daily;
				SDKROOT = iphoneos;
				SWIFT_VERSION = 5.0;
				TARGETED_DEVICE_FAMILY = "1,2";
				VALIDATE_PRODUCT = YES;
			};
			name = Release;
		};
		D81A91A2273032B40023E1B7 /* Debug */ = {
			isa = XCBuildConfiguration;
			buildSettings = {
				ASSETCATALOG_COMPILER_APPICON_NAME = AppIcon;
				ASSETCATALOG_COMPILER_GLOBAL_ACCENT_COLOR_NAME = AccentColor;
				CODE_SIGN_ENTITLEMENTS = macOS/macOS.entitlements;
				CODE_SIGN_STYLE = Automatic;
				COMBINE_HIDPI_IMAGES = YES;
				ENABLE_PREVIEWS = YES;
				INFOPLIST_FILE = macOS/Info.plist;
				LD_RUNPATH_SEARCH_PATHS = (
					"$(inherited)",
					"@executable_path/../Frameworks",
				);
				MACOSX_DEPLOYMENT_TARGET = 11.0;
				PRODUCT_BUNDLE_IDENTIFIER = Caco.Daily;
				PRODUCT_NAME = Daily;
				SDKROOT = macosx;
				SWIFT_VERSION = 5.0;
			};
			name = Debug;
		};
		D81A91A3273032B40023E1B7 /* Release */ = {
			isa = XCBuildConfiguration;
			buildSettings = {
				ASSETCATALOG_COMPILER_APPICON_NAME = AppIcon;
				ASSETCATALOG_COMPILER_GLOBAL_ACCENT_COLOR_NAME = AccentColor;
				CODE_SIGN_ENTITLEMENTS = macOS/macOS.entitlements;
				CODE_SIGN_STYLE = Automatic;
				COMBINE_HIDPI_IMAGES = YES;
				ENABLE_PREVIEWS = YES;
				INFOPLIST_FILE = macOS/Info.plist;
				LD_RUNPATH_SEARCH_PATHS = (
					"$(inherited)",
					"@executable_path/../Frameworks",
				);
				MACOSX_DEPLOYMENT_TARGET = 11.0;
				PRODUCT_BUNDLE_IDENTIFIER = Caco.Daily;
				PRODUCT_NAME = Daily;
				SDKROOT = macosx;
				SWIFT_VERSION = 5.0;
			};
			name = Release;
		};
		D81A91A5273032B40023E1B7 /* Debug */ = {
			isa = XCBuildConfiguration;
			buildSettings = {
				ALWAYS_EMBED_SWIFT_STANDARD_LIBRARIES = YES;
				CODE_SIGN_STYLE = Automatic;
				INFOPLIST_FILE = "Tests iOS/Info.plist";
				IPHONEOS_DEPLOYMENT_TARGET = 14.4;
				LD_RUNPATH_SEARCH_PATHS = (
					"$(inherited)",
					"@executable_path/Frameworks",
					"@loader_path/Frameworks",
				);
				PRODUCT_BUNDLE_IDENTIFIER = "Caco.Tests-iOS";
				PRODUCT_NAME = "$(TARGET_NAME)";
				SDKROOT = iphoneos;
				SWIFT_VERSION = 5.0;
				TARGETED_DEVICE_FAMILY = "1,2";
				TEST_TARGET_NAME = "Daily (iOS)";
			};
			name = Debug;
		};
		D81A91A6273032B40023E1B7 /* Release */ = {
			isa = XCBuildConfiguration;
			buildSettings = {
				ALWAYS_EMBED_SWIFT_STANDARD_LIBRARIES = YES;
				CODE_SIGN_STYLE = Automatic;
				INFOPLIST_FILE = "Tests iOS/Info.plist";
				IPHONEOS_DEPLOYMENT_TARGET = 14.4;
				LD_RUNPATH_SEARCH_PATHS = (
					"$(inherited)",
					"@executable_path/Frameworks",
					"@loader_path/Frameworks",
				);
				PRODUCT_BUNDLE_IDENTIFIER = "Caco.Tests-iOS";
				PRODUCT_NAME = "$(TARGET_NAME)";
				SDKROOT = iphoneos;
				SWIFT_VERSION = 5.0;
				TARGETED_DEVICE_FAMILY = "1,2";
				TEST_TARGET_NAME = "Daily (iOS)";
				VALIDATE_PRODUCT = YES;
			};
			name = Release;
		};
		D81A91A8273032B40023E1B7 /* Debug */ = {
			isa = XCBuildConfiguration;
			buildSettings = {
				ALWAYS_EMBED_SWIFT_STANDARD_LIBRARIES = YES;
				CODE_SIGN_STYLE = Automatic;
				COMBINE_HIDPI_IMAGES = YES;
				INFOPLIST_FILE = "Tests macOS/Info.plist";
				LD_RUNPATH_SEARCH_PATHS = (
					"$(inherited)",
					"@executable_path/../Frameworks",
					"@loader_path/../Frameworks",
				);
				MACOSX_DEPLOYMENT_TARGET = 11.0;
				PRODUCT_BUNDLE_IDENTIFIER = "Caco.Tests-macOS";
				PRODUCT_NAME = "$(TARGET_NAME)";
				SDKROOT = macosx;
				SWIFT_VERSION = 5.0;
				TEST_TARGET_NAME = "Daily (macOS)";
			};
			name = Debug;
		};
		D81A91A9273032B40023E1B7 /* Release */ = {
			isa = XCBuildConfiguration;
			buildSettings = {
				ALWAYS_EMBED_SWIFT_STANDARD_LIBRARIES = YES;
				CODE_SIGN_STYLE = Automatic;
				COMBINE_HIDPI_IMAGES = YES;
				INFOPLIST_FILE = "Tests macOS/Info.plist";
				LD_RUNPATH_SEARCH_PATHS = (
					"$(inherited)",
					"@executable_path/../Frameworks",
					"@loader_path/../Frameworks",
				);
				MACOSX_DEPLOYMENT_TARGET = 11.0;
				PRODUCT_BUNDLE_IDENTIFIER = "Caco.Tests-macOS";
				PRODUCT_NAME = "$(TARGET_NAME)";
				SDKROOT = macosx;
				SWIFT_VERSION = 5.0;
				TEST_TARGET_NAME = "Daily (macOS)";
			};
			name = Release;
		};
/* End XCBuildConfiguration section */

/* Begin XCConfigurationList section */
		D81A916B273032B30023E1B7 /* Build configuration list for PBXProject "Daily" */ = {
			isa = XCConfigurationList;
			buildConfigurations = (
				D81A919C273032B40023E1B7 /* Debug */,
				D81A919D273032B40023E1B7 /* Release */,
			);
			defaultConfigurationIsVisible = 0;
			defaultConfigurationName = Release;
		};
		D81A919E273032B40023E1B7 /* Build configuration list for PBXNativeTarget "Daily (iOS)" */ = {
			isa = XCConfigurationList;
			buildConfigurations = (
				D81A919F273032B40023E1B7 /* Debug */,
				D81A91A0273032B40023E1B7 /* Release */,
			);
			defaultConfigurationIsVisible = 0;
			defaultConfigurationName = Release;
		};
		D81A91A1273032B40023E1B7 /* Build configuration list for PBXNativeTarget "Daily (macOS)" */ = {
			isa = XCConfigurationList;
			buildConfigurations = (
				D81A91A2273032B40023E1B7 /* Debug */,
				D81A91A3273032B40023E1B7 /* Release */,
			);
			defaultConfigurationIsVisible = 0;
			defaultConfigurationName = Release;
		};
		D81A91A4273032B40023E1B7 /* Build configuration list for PBXNativeTarget "Tests iOS" */ = {
			isa = XCConfigurationList;
			buildConfigurations = (
				D81A91A5273032B40023E1B7 /* Debug */,
				D81A91A6273032B40023E1B7 /* Release */,
			);
			defaultConfigurationIsVisible = 0;
			defaultConfigurationName = Release;
		};
		D81A91A7273032B40023E1B7 /* Build configuration list for PBXNativeTarget "Tests macOS" */ = {
			isa = XCConfigurationList;
			buildConfigurations = (
				D81A91A8273032B40023E1B7 /* Debug */,
				D81A91A9273032B40023E1B7 /* Release */,
			);
			defaultConfigurationIsVisible = 0;
			defaultConfigurationName = Release;
		};
/* End XCConfigurationList section */
	};
	rootObject = D81A9168273032B30023E1B7 /* Project object */;
}
